
Microsoft Visual Studio Solution File, Format Version 12.00
# Visual Studio Version 16
VisualStudioVersion = 16.0.30804.86
MinimumVisualStudioVersion = 10.0.40219.1
Project("{FAE04EC0-301F-11D3-BF4B-00C04F79EFBC}") = "EvenMorePizza", "EvenMorePizza\EvenMorePizza.csproj", "{2BBC783C-5E61-4C4C-8685-78A3CB0876EA}"
EndProject
Global
	GlobalSection(SolutionConfigurationPlatforms) = preSolution
		Debug|Any CPU = Debug|Any CPU
		Release|Any CPU = Release|Any CPU
	EndGlobalSection
	GlobalSection(ProjectConfigurationPlatforms) = postSolution
		{2BBC783C-5E61-4C4C-8685-78A3CB0876EA}.Debug|Any CPU.ActiveCfg = Debug|Any CPU
		{2BBC783C-5E61-4C4C-8685-78A3CB0876EA}.Debug|Any CPU.Build.0 = Debug|Any CPU
		{2BBC783C-5E61-4C4C-8685-78A3CB0876EA}.Release|Any CPU.ActiveCfg = Release|Any CPU
		{2BBC783C-5E61-4C4C-8685-78A3CB0876EA}.Release|Any CPU.Build.0 = Release|Any CPU
	EndGlobalSection
	GlobalSection(SolutionProperties) = preSolution
		HideSolutionNode = FALSE
	EndGlobalSection
	GlobalSection(ExtensibilityGlobals) = postSolution
		SolutionGuid = {1299F014-A5DE-4FF2-A15F-B38320CF8C50}
	EndGlobalSection
EndGlobal
